
Microsoft Visual Studio Solution File, Format Version 12.00
# Visual Studio Version 17
VisualStudioVersion = 17.7.34024.191
MinimumVisualStudioVersion = 10.0.40219.1
Project("{FAE04EC0-301F-11D3-BF4B-00C04F79EFBC}") = "Homework_5", "Homework_5\Homework_5.csproj", "{ECEB5545-EFF6-44A8-84BD-6AE84727FA2C}"
EndProject
Global
	GlobalSection(SolutionConfigurationPlatforms) = preSolution
		Debug|Any CPU = Debug|Any CPU
		Release|Any CPU = Release|Any CPU
	EndGlobalSection
	GlobalSection(ProjectConfigurationPlatforms) = postSolution
		{ECEB5545-EFF6-44A8-84BD-6AE84727FA2C}.Debug|Any CPU.ActiveCfg = Debug|Any CPU
		{ECEB5545-EFF6-44A8-84BD-6AE84727FA2C}.Debug|Any CPU.Build.0 = Debug|Any CPU
		{ECEB5545-EFF6-44A8-84BD-6AE84727FA2C}.Release|Any CPU.ActiveCfg = Release|Any CPU
		{ECEB5545-EFF6-44A8-84BD-6AE84727FA2C}.Release|Any CPU.Build.0 = Release|Any CPU
	EndGlobalSection
	GlobalSection(SolutionProperties) = preSolution
		HideSolutionNode = FALSE
	EndGlobalSection
	GlobalSection(ExtensibilityGlobals) = postSolution
		SolutionGuid = {0E342D41-40CE-44FB-9D9E-8393B71E5D5B}
	EndGlobalSection
EndGlobal
